
Microsoft Visual Studio Solution File, Format Version 12.00
# Visual Studio 15
VisualStudioVersion = 15.0.27130.2026
MinimumVisualStudioVersion = 10.0.40219.1
Project("{FAE04EC0-301F-11D3-BF4B-00C04F79EFBC}") = "Womb", "Womb\Womb.csproj", "{80E49C82-E733-48C8-A710-B23007A807A0}"
EndProject
Global
	GlobalSection(SolutionConfigurationPlatforms) = preSolution
		Debug|Any CPU = Debug|Any CPU
		Release|Any CPU = Release|Any CPU
	EndGlobalSection
	GlobalSection(ProjectConfigurationPlatforms) = postSolution
		{80E49C82-E733-48C8-A710-B23007A807A0}.Debug|Any CPU.ActiveCfg = Debug|Any CPU
		{80E49C82-E733-48C8-A710-B23007A807A0}.Debug|Any CPU.Build.0 = Debug|Any CPU
		{80E49C82-E733-48C8-A710-B23007A807A0}.Release|Any CPU.ActiveCfg = Release|Any CPU
		{80E49C82-E733-48C8-A710-B23007A807A0}.Release|Any CPU.Build.0 = Release|Any CPU
	EndGlobalSection
	GlobalSection(SolutionProperties) = preSolution
		HideSolutionNode = FALSE
	EndGlobalSection
	GlobalSection(ExtensibilityGlobals) = postSolution
		SolutionGuid = {5719A18A-42AC-4C7B-BB32-E16AD6B540BF}
	EndGlobalSection
EndGlobal
